<?xml version="1.0" encoding="utf-8"?>
<Project ToolsVersion="4.0" xmlns="http://schemas.microsoft.com/developer/msbuild/2003">
  <ItemGroup>
    <Filter Include="Header Files">
      <UniqueIdentifier>{93995380-89BD-4b04-88EB-625FBE52EBFB}</UniqueIdentifier>
      <Extensions>h;hpp;hxx;hm;inl;inc;xsd</Extensions>
    </Filter>
    <Filter Include="Resource Files">
      <UniqueIdentifier>{67DA6AB6-F800-4c08-8B7A-83BB121AAD01}</UniqueIdentifier>
      <Extensions>rc;ico;cur;bmp;dlg;rc2;rct;bin;rgs;gif;jpg;jpeg;jpe;resx</Extensions>
    </Filter>
    <Filter Include="Source Files">
      <UniqueIdentifier>{4FC737F1-C7A5-4376-A066-2A32D752A2FF}</UniqueIdentifier>
      <Extensions>cpp;c;cc;cxx;def;odl;idl;hpj;bat;asm;asmx</Extensions>
    </Filter>
  </ItemGroup>
  <ItemGroup>
    <ClInclude Include="src\bounddata.h">
      <Filter>Header Files</Filter>
    </ClInclude>
    <ClInclude Include="src\commondata.h">
      <Filter>Header Files</Filter>
    </ClInclude>
    <ClInclude Include="src\connectingdef.h">
      <Filter>Header Files</Filter>
    </ClInclude>
    <ClInclude Include="src\datastruct.h">
      <Filter>Header Files</Filter>
    </ClInclude>
    <ClInclude Include="src\fdtdloop.h">
      <Filter>Header Files</Filter>
    </ClInclude>
    <ClInclude Include="src\FileInterp.h">
      <Filter>Header Files</Filter>
    </ClInclude>
    <ClInclude Include="src\freedata.h">
      <Filter>Header Files</Filter>
    </ClInclude>
    <ClInclude Include="src\initials.h">
      <Filter>Header Files</Filter>
    </ClInclude>
    <ClInclude Include="src\InonizationFormula.h">
      <Filter>Header Files</Filter>
    </ClInclude>
    <ClInclude Include="src\interp.h">
      <Filter>Header Files</Filter>
    </ClInclude>
    <ClInclude Include="src\matlabsim.h">
      <Filter>Header Files</Filter>
    </ClInclude>
    <ClInclude Include="src\microdef.h">
      <Filter>Header Files</Filter>
    </ClInclude>
    <ClInclude Include="src\pmlbound.h">
      <Filter>Header Files</Filter>
    </ClInclude>
    <ClInclude Include="src\updatefields.h">
      <Filter>Header Files</Filter>
    </ClInclude>
  </ItemGroup>
  <ItemGroup>
    <ClCompile Include="src\bounddata.cpp">
      <Filter>Source Files</Filter>
    </ClCompile>
    <ClCompile Include="src\commondata.cpp">
      <Filter>Source Files</Filter>
    </ClCompile>
    <ClCompile Include="src\connectingdef.cpp">
      <Filter>Source Files</Filter>
    </ClCompile>
    <ClCompile Include="src\datastruct.cpp">
      <Filter>Source Files</Filter>
    </ClCompile>
    <ClCompile Include="src\fdtdloop.cpp">
      <Filter>Source Files</Filter>
    </ClCompile>
    <ClCompile Include="src\FileInterp.cpp">
      <Filter>Source Files</Filter>
    </ClCompile>
    <ClCompile Include="src\initials.cpp">
      <Filter>Source Files</Filter>
    </ClCompile>
    <ClCompile Include="src\InonizationFormula.cpp">
      <Filter>Source Files</Filter>
    </ClCompile>
    <ClCompile Include="src\interp.cpp">
      <Filter>Source Files</Filter>
    </ClCompile>
    <ClCompile Include="src\main.cpp">
      <Filter>Source Files</Filter>
    </ClCompile>
    <ClCompile Include="src\matlabsim.cpp">
      <Filter>Source Files</Filter>
    </ClCompile>
    <ClCompile Include="src\pmlbound.cpp">
      <Filter>Source Files</Filter>
    </ClCompile>
    <ClCompile Include="src\updatedensity.cpp">
      <Filter>Source Files</Filter>
    </ClCompile>
    <ClCompile Include="src\updatefields.cpp">
      <Filter>Source Files</Filter>
    </ClCompile>
  </ItemGroup>
</Project>